dependencies:
  espressif/esp_tinyusb:
    component_hash: 67a21915323495c2538684e504bfca6d27c0073b0ef617e885d0434700f1c646
    dependencies:
    - name: idf
      require: private
      version: ^5.0
    - name: espressif/tinyusb
      registry_url: https://components.espressif.com
      require: public
      version: '>=0.14.2'
    source:
      registry_url: https://components.espressif.com/
      type: service
    version: 1.7.4
  espressif/tinyusb:
    component_hash: 10703da2c3cd39a944711ee3d320c6dda54debabf13b4b933a7c90daf102372b
    dependencies:
    - name: idf
      require: private
      version: '>=5.0'
    source:
      registry_url: https://components.espressif.com
      type: service
    targets:
    - esp32s2
    - esp32s3
    - esp32p4
    version: 0.18.0~2
  idf:
    source:
      type: idf
    version: 5.4.0
direct_dependencies:
- espressif/esp_tinyusb
- idf
manifest_hash: 5c6c8dc7b8071ffb33d56b2371a801c3ceff414a37f3759e30be114f3ce85be2
target: esp32s3
version: 2.0.0
